
Microsoft Visual Studio Solution File, Format Version 12.00
# Visual Studio 15
VisualStudioVersion = 15.0.27428.2011
MinimumVisualStudioVersion = 10.0.40219.1
Project("{FAE04EC0-301F-11D3-BF4B-00C04F79EFBC}") = "Spore ModAPI Launcher", "Spore ModAPI Launcher\Spore ModAPI Launcher.csproj", "{A55865E4-37A7-4414-8CF8-0BE06A1E3DAA}"
EndProject
Project("{FAE04EC0-301F-11D3-BF4B-00C04F79EFBC}") = "ModAPI Installers", "ModAPI Installers\ModAPI Installers.csproj", "{73E87191-F4BA-4EA0-A60E-A89143EAA15C}"
EndProject
Project("{FAE04EC0-301F-11D3-BF4B-00C04F79EFBC}") = "Spore ModAPI Easy Installer", "Spore ModAPI Easy Installer\Spore ModAPI Easy Installer.csproj", "{893C05C8-B6AB-4920-A98D-5640CFFE85D4}"
EndProject
Project("{FAE04EC0-301F-11D3-BF4B-00C04F79EFBC}") = "Spore ModAPI Easy Uninstaller", "Spore ModAPI Easy Uninstaller\Spore ModAPI Easy Uninstaller.csproj", "{2AEC07B2-7EDE-492A-A317-EE23BF5D2D23}"
EndProject
Project("{FAE04EC0-301F-11D3-BF4B-00C04F79EFBC}") = "ModApi.UpdateManager", "ModApi.UpdateManager\ModApi.UpdateManager.csproj", "{B2DA8F97-4AF4-48C1-BE95-B1299912EE65}"
EndProject
Global
	GlobalSection(SolutionConfigurationPlatforms) = preSolution
		Debug|Any CPU = Debug|Any CPU
		Release|Any CPU = Release|Any CPU
	EndGlobalSection
	GlobalSection(ProjectConfigurationPlatforms) = postSolution
		{A55865E4-37A7-4414-8CF8-0BE06A1E3DAA}.Debug|Any CPU.ActiveCfg = Debug|Any CPU
		{A55865E4-37A7-4414-8CF8-0BE06A1E3DAA}.Debug|Any CPU.Build.0 = Debug|Any CPU
		{A55865E4-37A7-4414-8CF8-0BE06A1E3DAA}.Release|Any CPU.ActiveCfg = Release|Any CPU
		{A55865E4-37A7-4414-8CF8-0BE06A1E3DAA}.Release|Any CPU.Build.0 = Release|Any CPU
		{73E87191-F4BA-4EA0-A60E-A89143EAA15C}.Debug|Any CPU.ActiveCfg = Debug|Any CPU
		{73E87191-F4BA-4EA0-A60E-A89143EAA15C}.Debug|Any CPU.Build.0 = Debug|Any CPU
		{73E87191-F4BA-4EA0-A60E-A89143EAA15C}.Release|Any CPU.ActiveCfg = Release|Any CPU
		{73E87191-F4BA-4EA0-A60E-A89143EAA15C}.Release|Any CPU.Build.0 = Release|Any CPU
		{893C05C8-B6AB-4920-A98D-5640CFFE85D4}.Debug|Any CPU.ActiveCfg = Debug|Any CPU
		{893C05C8-B6AB-4920-A98D-5640CFFE85D4}.Debug|Any CPU.Build.0 = Debug|Any CPU
		{893C05C8-B6AB-4920-A98D-5640CFFE85D4}.Release|Any CPU.ActiveCfg = Release|Any CPU
		{893C05C8-B6AB-4920-A98D-5640CFFE85D4}.Release|Any CPU.Build.0 = Release|Any CPU
		{2AEC07B2-7EDE-492A-A317-EE23BF5D2D23}.Debug|Any CPU.ActiveCfg = Debug|Any CPU
		{2AEC07B2-7EDE-492A-A317-EE23BF5D2D23}.Debug|Any CPU.Build.0 = Debug|Any CPU
		{2AEC07B2-7EDE-492A-A317-EE23BF5D2D23}.Release|Any CPU.ActiveCfg = Release|Any CPU
		{2AEC07B2-7EDE-492A-A317-EE23BF5D2D23}.Release|Any CPU.Build.0 = Release|Any CPU
		{B2DA8F97-4AF4-48C1-BE95-B1299912EE65}.Debug|Any CPU.ActiveCfg = Debug|Any CPU
		{B2DA8F97-4AF4-48C1-BE95-B1299912EE65}.Debug|Any CPU.Build.0 = Debug|Any CPU
		{B2DA8F97-4AF4-48C1-BE95-B1299912EE65}.Release|Any CPU.ActiveCfg = Release|Any CPU
		{B2DA8F97-4AF4-48C1-BE95-B1299912EE65}.Release|Any CPU.Build.0 = Release|Any CPU
	EndGlobalSection
	GlobalSection(SolutionProperties) = preSolution
		HideSolutionNode = FALSE
	EndGlobalSection
	GlobalSection(ExtensibilityGlobals) = postSolution
		SolutionGuid = {37A80163-4518-4039-BEFD-9F5F0D42DE8B}
	EndGlobalSection
EndGlobal
