
Microsoft Visual Studio Solution File, Format Version 12.00
# Visual Studio 15
VisualStudioVersion = 15.0.27428.2011
MinimumVisualStudioVersion = 10.0.40219.1
Project("{FAE04EC0-301F-11D3-BF4B-00C04F79EFBC}") = "ModApi.UI", "ModApi.UI\ModApi.UI.csproj", "{63A82229-5162-4B3B-8C64-0172D3B70390}"
EndProject
Project("{FAE04EC0-301F-11D3-BF4B-00C04F79EFBC}") = "FrontEndTest", "FrontEndTest\FrontEndTest.csproj", "{2578A7C3-C365-4479-B512-D04FF03B1343}"
EndProject
Global
	GlobalSection(SolutionConfigurationPlatforms) = preSolution
		Debug|Any CPU = Debug|Any CPU
		Debug|x86 = Debug|x86
		Release|Any CPU = Release|Any CPU
		Release|x86 = Release|x86
	EndGlobalSection
	GlobalSection(ProjectConfigurationPlatforms) = postSolution
		{63A82229-5162-4B3B-8C64-0172D3B70390}.Debug|Any CPU.ActiveCfg = Debug|Any CPU
		{63A82229-5162-4B3B-8C64-0172D3B70390}.Debug|Any CPU.Build.0 = Debug|Any CPU
		{63A82229-5162-4B3B-8C64-0172D3B70390}.Debug|x86.ActiveCfg = Debug|Any CPU
		{63A82229-5162-4B3B-8C64-0172D3B70390}.Debug|x86.Build.0 = Debug|Any CPU
		{63A82229-5162-4B3B-8C64-0172D3B70390}.Release|Any CPU.ActiveCfg = Release|Any CPU
		{63A82229-5162-4B3B-8C64-0172D3B70390}.Release|Any CPU.Build.0 = Release|Any CPU
		{63A82229-5162-4B3B-8C64-0172D3B70390}.Release|x86.ActiveCfg = Release|Any CPU
		{63A82229-5162-4B3B-8C64-0172D3B70390}.Release|x86.Build.0 = Release|Any CPU
		{2578A7C3-C365-4479-B512-D04FF03B1343}.Debug|Any CPU.ActiveCfg = Debug|Any CPU
		{2578A7C3-C365-4479-B512-D04FF03B1343}.Debug|Any CPU.Build.0 = Debug|Any CPU
		{2578A7C3-C365-4479-B512-D04FF03B1343}.Debug|x86.ActiveCfg = Debug|Any CPU
		{2578A7C3-C365-4479-B512-D04FF03B1343}.Debug|x86.Build.0 = Debug|Any CPU
		{2578A7C3-C365-4479-B512-D04FF03B1343}.Release|Any CPU.ActiveCfg = Release|Any CPU
		{2578A7C3-C365-4479-B512-D04FF03B1343}.Release|Any CPU.Build.0 = Release|Any CPU
		{2578A7C3-C365-4479-B512-D04FF03B1343}.Release|x86.ActiveCfg = Release|Any CPU
		{2578A7C3-C365-4479-B512-D04FF03B1343}.Release|x86.Build.0 = Release|Any CPU
	EndGlobalSection
	GlobalSection(SolutionProperties) = preSolution
		HideSolutionNode = FALSE
	EndGlobalSection
	GlobalSection(ExtensibilityGlobals) = postSolution
		SolutionGuid = {37A80163-4518-4039-BEFD-9F5F0D42DE8B}
	EndGlobalSection
EndGlobal
